<?xml version="1.0" encoding="utf-8"?>
<Project ToolsVersion="4.0" xmlns="http://schemas.microsoft.com/developer/msbuild/2003">
  <ItemGroup>
    <ClInclude Include="$(MSBuildThisFileDirectory)FormatException.h" />
    <ClInclude Include="$(MSBuildThisFileDirectory)Util.h" />
    <ClInclude Include="$(MSBuildThisFileDirectory)NotSupportedException.h" />
    <ClInclude Include="$(MSBuildThisFileDirectory)InvalidOperationException.h" />
    <ClInclude Include="$(MSBuildThisFileDirectory)Console.h" />
    <ClInclude Include="$(MSBuildThisFileDirectory)Event.h" />
    <ClInclude Include="$(MSBuildThisFileDirectory)Guid.h" />
    <ClInclude Include="$(MSBuildThisFileDirectory)ArgumentException.h" />
    <ClInclude Include="$(MSBuildThisFileDirectory)Environment.h" />
    <ClInclude Include="$(MSBuildThisFileDirectory)Encoding.h" />
    <ClInclude Include="$(MSBuildThisFileDirectory)Exception.h" />
    <ClInclude Include="$(MSBuildThisFileDirectory)ByteSize.h" />
    <ClInclude Include="$(MSBuildThisFileDirectory)AggregateException.h" />
    <ClInclude Include="$(MSBuildThisFileDirectory)Lazy.h" />
    <ClInclude Include="$(MSBuildThisFileDirectory)StringUtils.h" />
    <ClInclude Include="$(MSBuildThisFileDirectory)StringCompareOptions.h" />
    <ClInclude Include="$(MSBuildThisFileDirectory)OperatingSystem.h" />
    <ClInclude Include="$(MSBuildThisFileDirectory)PlatformID.h" />
    <ClInclude Include="$(MSBuildThisFileDirectory)Version.h" />
    <ClInclude Include="$(MSBuildThisFileDirectory)Library.h" />
    <ClInclude Include="$(MSBuildThisFileDirectory)LoadLibraryOption.h" />
    <ClInclude Include="$(MSBuildThisFileDirectory)Convert.h" />
    <ClInclude Include="$(MSBuildThisFileDirectory)DoubleChar.h" />
  </ItemGroup>
  <ItemGroup>
    <ClCompile Include="$(MSBuildThisFileDirectory)FormatException.cpp" />
    <ClCompile Include="$(MSBuildThisFileDirectory)NotSupportedException.cpp" />
    <ClCompile Include="$(MSBuildThisFileDirectory)InvalidOperationException.cpp" />
    <ClCompile Include="$(MSBuildThisFileDirectory)Console.cpp" />
    <ClCompile Include="$(MSBuildThisFileDirectory)Guid.cpp" />
    <ClCompile Include="$(MSBuildThisFileDirectory)ArgumentException.cpp" />
    <ClCompile Include="$(MSBuildThisFileDirectory)Environment.cpp" />
    <ClCompile Include="$(MSBuildThisFileDirectory)Encoding.cpp" />
    <ClCompile Include="$(MSBuildThisFileDirectory)Exception.cpp" />
    <ClCompile Include="$(MSBuildThisFileDirectory)AggregateException.cpp" />
    <ClCompile Include="$(MSBuildThisFileDirectory)StringUtils.cpp" />
    <ClCompile Include="$(MSBuildThisFileDirectory)OperatingSystem.cpp" />
    <ClCompile Include="$(MSBuildThisFileDirectory)Library.cpp" />
    <ClCompile Include="$(MSBuildThisFileDirectory)Convert.cpp" />
  </ItemGroup>
</Project>