
Microsoft Visual Studio Solution File, Format Version 12.00
# Visual Studio Version 17
VisualStudioVersion = 17.3.32922.545
MinimumVisualStudioVersion = 10.0.40219.1
Project("{8BC9CEB8-8B4A-11D0-8D11-00A0C91BC942}") = "Native", "Native\Native.vcxitems", "{4811AE42-C881-4E13-89F2-4B6A1D4D6107}"
EndProject
Project("{8BC9CEB8-8B4A-11D0-8D11-00A0C91BC942}") = "Native - Tests", "Native-Tests\Native-Tests.vcxproj", "{8DB1F34B-88B3-4736-A391-2E226843DE13}"
EndProject
Project("{8BC9CEB8-8B4A-11D0-8D11-00A0C91BC942}") = "Native.Windows", "Native.Windows\Native.Windows.vcxitems", "{CBB110F4-F2CB-43AA-A711-30E9A6DCC111}"
EndProject
Project("{8BC9CEB8-8B4A-11D0-8D11-00A0C91BC942}") = "Native.Net - Tests", "Native.Net-Tests\Native.Net-Tests.vcxproj", "{D1215A4B-40FA-4F1D-96A2-BC5BDC690AC1}"
EndProject
Project("{8BC9CEB8-8B4A-11D0-8D11-00A0C91BC942}") = "Native.Windows - Tests", "Native.Windows-Tests\Native.Windows-Tests.vcxproj", "{C732DF2F-9582-4DB5-9CAD-5A4F55C02DB1}"
EndProject
Project("{8BC9CEB8-8B4A-11D0-8D11-00A0C91BC942}") = "Native.Net", "Native.Net\Native.Net.vcxitems", "{465200C6-64CA-40FB-AB6E-7AD1D9460CB2}"
EndProject
Project("{8BC9CEB8-8B4A-11D0-8D11-00A0C91BC942}") = "Native.ServiceModel - Tests", "Native.ServiceModel-Tests\Native.ServiceModel-Tests.vcxproj", "{83F870F1-D088-4756-84F6-E290F7FAB4D5}"
EndProject
Project("{8BC9CEB8-8B4A-11D0-8D11-00A0C91BC942}") = "Native.Threading", "Native.Threading\Native.Threading.vcxitems", "{0EACDC02-C95E-4A18-91DE-0C0145C99A32}"
EndProject
Project("{8BC9CEB8-8B4A-11D0-8D11-00A0C91BC942}") = "Native.Threading - Tests", "Native.Threading-Tests\Native.Threading-Tests.vcxproj", "{574DC77A-DCF8-47E0-8E22-4162160E4713}"
EndProject
Project("{8BC9CEB8-8B4A-11D0-8D11-00A0C91BC942}") = "Native.ServiceModel", "Native.ServiceModel\Native.ServiceModel.vcxitems", "{5DE1910B-8B93-4608-A7DB-734FCCC63037}"
EndProject
Project("{8BC9CEB8-8B4A-11D0-8D11-00A0C91BC942}") = "Native.Diagnostics", "Native.Diagnostics\Native.Diagnostics.vcxitems", "{AC176215-3986-4698-BB71-EF66F5D98C2E}"
EndProject
Project("{8BC9CEB8-8B4A-11D0-8D11-00A0C91BC942}") = "Native.Diagnostics - Tests", "Native.Diagnostics-Tests\Native.Diagnostics-Tests.vcxproj", "{A147BF09-6361-4916-A413-79132059DD59}"
EndProject
Global
	GlobalSection(SolutionConfigurationPlatforms) = preSolution
		Debug|x64 = Debug|x64
		Debug|x86 = Debug|x86
		Release|x64 = Release|x64
		Release|x86 = Release|x86
	EndGlobalSection
	GlobalSection(ProjectConfigurationPlatforms) = postSolution
		{8DB1F34B-88B3-4736-A391-2E226843DE13}.Debug|x64.ActiveCfg = Debug|x64
		{8DB1F34B-88B3-4736-A391-2E226843DE13}.Debug|x64.Build.0 = Debug|x64
		{8DB1F34B-88B3-4736-A391-2E226843DE13}.Debug|x86.ActiveCfg = Debug|Win32
		{8DB1F34B-88B3-4736-A391-2E226843DE13}.Debug|x86.Build.0 = Debug|Win32
		{8DB1F34B-88B3-4736-A391-2E226843DE13}.Release|x64.ActiveCfg = Release|x64
		{8DB1F34B-88B3-4736-A391-2E226843DE13}.Release|x64.Build.0 = Release|x64
		{8DB1F34B-88B3-4736-A391-2E226843DE13}.Release|x86.ActiveCfg = Release|Win32
		{8DB1F34B-88B3-4736-A391-2E226843DE13}.Release|x86.Build.0 = Release|Win32
		{D1215A4B-40FA-4F1D-96A2-BC5BDC690AC1}.Debug|x64.ActiveCfg = Debug|x64
		{D1215A4B-40FA-4F1D-96A2-BC5BDC690AC1}.Debug|x64.Build.0 = Debug|x64
		{D1215A4B-40FA-4F1D-96A2-BC5BDC690AC1}.Debug|x86.ActiveCfg = Debug|Win32
		{D1215A4B-40FA-4F1D-96A2-BC5BDC690AC1}.Debug|x86.Build.0 = Debug|Win32
		{D1215A4B-40FA-4F1D-96A2-BC5BDC690AC1}.Release|x64.ActiveCfg = Release|x64
		{D1215A4B-40FA-4F1D-96A2-BC5BDC690AC1}.Release|x64.Build.0 = Release|x64
		{D1215A4B-40FA-4F1D-96A2-BC5BDC690AC1}.Release|x86.ActiveCfg = Release|Win32
		{D1215A4B-40FA-4F1D-96A2-BC5BDC690AC1}.Release|x86.Build.0 = Release|Win32
		{C732DF2F-9582-4DB5-9CAD-5A4F55C02DB1}.Debug|x64.ActiveCfg = Debug|x64
		{C732DF2F-9582-4DB5-9CAD-5A4F55C02DB1}.Debug|x64.Build.0 = Debug|x64
		{C732DF2F-9582-4DB5-9CAD-5A4F55C02DB1}.Debug|x86.ActiveCfg = Debug|Win32
		{C732DF2F-9582-4DB5-9CAD-5A4F55C02DB1}.Debug|x86.Build.0 = Debug|Win32
		{C732DF2F-9582-4DB5-9CAD-5A4F55C02DB1}.Release|x64.ActiveCfg = Release|x64
		{C732DF2F-9582-4DB5-9CAD-5A4F55C02DB1}.Release|x64.Build.0 = Release|x64
		{C732DF2F-9582-4DB5-9CAD-5A4F55C02DB1}.Release|x86.ActiveCfg = Release|Win32
		{C732DF2F-9582-4DB5-9CAD-5A4F55C02DB1}.Release|x86.Build.0 = Release|Win32
		{83F870F1-D088-4756-84F6-E290F7FAB4D5}.Debug|x64.ActiveCfg = Debug|x64
		{83F870F1-D088-4756-84F6-E290F7FAB4D5}.Debug|x64.Build.0 = Debug|x64
		{83F870F1-D088-4756-84F6-E290F7FAB4D5}.Debug|x86.ActiveCfg = Debug|Win32
		{83F870F1-D088-4756-84F6-E290F7FAB4D5}.Debug|x86.Build.0 = Debug|Win32
		{83F870F1-D088-4756-84F6-E290F7FAB4D5}.Release|x64.ActiveCfg = Release|x64
		{83F870F1-D088-4756-84F6-E290F7FAB4D5}.Release|x64.Build.0 = Release|x64
		{83F870F1-D088-4756-84F6-E290F7FAB4D5}.Release|x86.ActiveCfg = Release|Win32
		{83F870F1-D088-4756-84F6-E290F7FAB4D5}.Release|x86.Build.0 = Release|Win32
		{574DC77A-DCF8-47E0-8E22-4162160E4713}.Debug|x64.ActiveCfg = Debug|x64
		{574DC77A-DCF8-47E0-8E22-4162160E4713}.Debug|x64.Build.0 = Debug|x64
		{574DC77A-DCF8-47E0-8E22-4162160E4713}.Debug|x86.ActiveCfg = Debug|Win32
		{574DC77A-DCF8-47E0-8E22-4162160E4713}.Debug|x86.Build.0 = Debug|Win32
		{574DC77A-DCF8-47E0-8E22-4162160E4713}.Release|x64.ActiveCfg = Release|x64
		{574DC77A-DCF8-47E0-8E22-4162160E4713}.Release|x64.Build.0 = Release|x64
		{574DC77A-DCF8-47E0-8E22-4162160E4713}.Release|x86.ActiveCfg = Release|Win32
		{574DC77A-DCF8-47E0-8E22-4162160E4713}.Release|x86.Build.0 = Release|Win32
		{A147BF09-6361-4916-A413-79132059DD59}.Debug|x64.ActiveCfg = Debug|x64
		{A147BF09-6361-4916-A413-79132059DD59}.Debug|x64.Build.0 = Debug|x64
		{A147BF09-6361-4916-A413-79132059DD59}.Debug|x86.ActiveCfg = Debug|Win32
		{A147BF09-6361-4916-A413-79132059DD59}.Debug|x86.Build.0 = Debug|Win32
		{A147BF09-6361-4916-A413-79132059DD59}.Release|x64.ActiveCfg = Release|x64
		{A147BF09-6361-4916-A413-79132059DD59}.Release|x64.Build.0 = Release|x64
		{A147BF09-6361-4916-A413-79132059DD59}.Release|x86.ActiveCfg = Release|Win32
		{A147BF09-6361-4916-A413-79132059DD59}.Release|x86.Build.0 = Release|Win32
	EndGlobalSection
	GlobalSection(SolutionProperties) = preSolution
		HideSolutionNode = FALSE
	EndGlobalSection
	GlobalSection(ExtensibilityGlobals) = postSolution
		SolutionGuid = {7AF380FC-EBA3-4AC6-8A7E-C49C5288F8C6}
	EndGlobalSection
	GlobalSection(SharedMSBuildProjectFiles) = preSolution
		Native.Threading\Native.Threading.vcxitems*{0eacdc02-c95e-4a18-91de-0c0145c99a32}*SharedItemsImports = 9
		Native.Net\Native.Net.vcxitems*{465200c6-64ca-40fb-ab6e-7ad1d9460cb2}*SharedItemsImports = 9
		Native\Native.vcxitems*{4811ae42-c881-4e13-89f2-4b6a1d4d6107}*SharedItemsImports = 9
		Native.Threading\Native.Threading.vcxitems*{574dc77a-dcf8-47e0-8e22-4162160e4713}*SharedItemsImports = 4
		Native.Windows\Native.Windows.vcxitems*{574dc77a-dcf8-47e0-8e22-4162160e4713}*SharedItemsImports = 4
		Native\Native.vcxitems*{574dc77a-dcf8-47e0-8e22-4162160e4713}*SharedItemsImports = 4
		Native.ServiceModel\Native.ServiceModel.vcxitems*{5de1910b-8b93-4608-a7db-734fccc63037}*SharedItemsImports = 9
		Native.Windows\Native.Windows.vcxitems*{8db1f34b-88b3-4736-a391-2e226843de13}*SharedItemsImports = 4
		Native\Native.vcxitems*{8db1f34b-88b3-4736-a391-2e226843de13}*SharedItemsImports = 4
		Native.Diagnostics\Native.Diagnostics.vcxitems*{a147bf09-6361-4916-a413-79132059dd59}*SharedItemsImports = 4
		Native.Diagnostics\Native.Diagnostics.vcxitems*{ac176215-3986-4698-bb71-ef66f5d98c2e}*SharedItemsImports = 9
		Native.Windows\Native.Windows.vcxitems*{c732df2f-9582-4db5-9cad-5a4f55c02db1}*SharedItemsImports = 4
		Native\Native.vcxitems*{c732df2f-9582-4db5-9cad-5a4f55c02db1}*SharedItemsImports = 4
		Native.Windows\Native.Windows.vcxitems*{cbb110f4-f2cb-43aa-a711-30e9a6dcc111}*SharedItemsImports = 9
		Native.Net\Native.Net.vcxitems*{d1215a4b-40fa-4f1d-96a2-bc5bdc690ac1}*SharedItemsImports = 4
		Native.Windows\Native.Windows.vcxitems*{d1215a4b-40fa-4f1d-96a2-bc5bdc690ac1}*SharedItemsImports = 4
		Native\Native.vcxitems*{d1215a4b-40fa-4f1d-96a2-bc5bdc690ac1}*SharedItemsImports = 4
	EndGlobalSection
EndGlobal
