
Microsoft Visual Studio Solution File, Format Version 12.00
# Visual Studio Version 17
VisualStudioVersion = 17.3.32922.545
MinimumVisualStudioVersion = 10.0.40219.1
Project("{8BC9CEB8-8B4A-11D0-8D11-00A0C91BC942}") = "Native", "Native\Native.vcxitems", "{4811AE42-C881-4E13-89F2-4B6A1D4D6107}"
EndProject
Project("{8BC9CEB8-8B4A-11D0-8D11-00A0C91BC942}") = "Native - Tests", "Native-Tests\Native-Tests.vcxproj", "{8DB1F34B-88B3-4736-A391-2E226843DE13}"
EndProject
Project("{8BC9CEB8-8B4A-11D0-8D11-00A0C91BC942}") = "Native.Windows", "Native.Windows\Native.Windows.vcxitems", "{CBB110F4-F2CB-43AA-A711-30E9A6DCC111}"
EndProject
Project("{8BC9CEB8-8B4A-11D0-8D11-00A0C91BC942}") = "Native.Net - Tests", "Native.Net-Tests\Native.Net-Tests.vcxproj", "{D1215A4B-40FA-4F1D-96A2-BC5BDC690AC1}"
EndProject
Project("{8BC9CEB8-8B4A-11D0-8D11-00A0C91BC942}") = "Native.Windows - Tests", "Native.Windows-Tests\Native.Windows-Tests.vcxproj", "{C732DF2F-9582-4DB5-9CAD-5A4F55C02DB1}"
EndProject
Project("{8BC9CEB8-8B4A-11D0-8D11-00A0C91BC942}") = "Native.Net", "Native.Net\Native.Net.vcxitems", "{465200C6-64CA-40FB-AB6E-7AD1D9460CB2}"
EndProject
Project("{8BC9CEB8-8B4A-11D0-8D11-00A0C91BC942}") = "Native.ServiceModel - Tests", "Native.ServiceModel-Tests\Native.ServiceModel-Tests.vcxproj", "{83F870F1-D088-4756-84F6-E290F7FAB4D5}"
EndProject
Project("{8BC9CEB8-8B4A-11D0-8D11-00A0C91BC942}") = "Native.Threading", "Native.Threading\Native.Threading.vcxitems", "{0EACDC02-C95E-4A18-91DE-0C0145C99A32}"
EndProject
Project("{8BC9CEB8-8B4A-11D0-8D11-00A0C91BC942}") = "Native.Threading - Tests", "Native.Threading-Tests\Native.Threading-Tests.vcxproj", "{574DC77A-DCF8-47E0-8E22-4162160E4713}"
EndProject
Project("{8BC9CEB8-8B4A-11D0-8D11-00A0C91BC942}") = "Native.ServiceModel", "Native.ServiceModel\Native.ServiceModel.vcxitems", "{5DE1910B-8B93-4608-A7DB-734FCCC63037}"
EndProject
Project("{8BC9CEB8-8B4A-11D0-8D11-00A0C91BC942}") = "Native.Diagnostics", "Native.Diagnostics\Native.Diagnostics.vcxitems", "{AC176215-3986-4698-BB71-EF66F5D98C2E}"
EndProject
Project("{8BC9CEB8-8B4A-11D0-8D11-00A0C91BC942}") = "Native.Diagnostics - Tests", "Native.Diagnostics-Tests\Native.Diagnostics-Tests.vcxproj", "{A147BF09-6361-4916-A413-79132059DD59}"
EndProject
Project("{8BC9CEB8-8B4A-11D0-8D11-00A0C91BC942}") = "Native.IO", "Native.IO\Native.IO.vcxitems", "{7F4D02A4-5A91-49F9-857A-EB3884ACD146}"
EndProject
Project("{8BC9CEB8-8B4A-11D0-8D11-00A0C91BC942}") = "Native.IO - Tests", "Native.IO-Tests\Native.IO-Tests.vcxproj", "{D0373919-C599-482C-BB59-1B3397C022A5}"
EndProject
Project("{8BC9CEB8-8B4A-11D0-8D11-00A0C91BC942}") = "Native.IO.Pipes", "Native.IO.Pipes\Native.IO.Pipes.vcxitems", "{663BFC99-7F43-4F7F-A130-A590AB81AD5B}"
EndProject
Project("{8BC9CEB8-8B4A-11D0-8D11-00A0C91BC942}") = "Native.Web", "Native.Web\Native.Web.vcxitems", "{55779B55-693F-4A6C-A507-98BB6353F4BE}"
EndProject
Project("{8BC9CEB8-8B4A-11D0-8D11-00A0C91BC942}") = "Native.Web - Tests", "Native.Web-Tests\Native.Web-Tests.vcxproj", "{74ECC90E-C8EA-93FA-BFF4-6E07A4424ECE}"
EndProject
Project("{8BC9CEB8-8B4A-11D0-8D11-00A0C91BC942}") = "Benchmarking", "Benchmarking\Benchmarking.vcxproj", "{DC565E8E-8E52-4C69-A6BC-A5F64606E41C}"
EndProject
Project("{2150E333-8FDC-42A3-9474-1A3956D46DE8}") = ".github", ".github", "{02EA681E-C7D8-13C7-8484-4AC65E1B71E8}"
EndProject
Project("{2150E333-8FDC-42A3-9474-1A3956D46DE8}") = "workflows", "workflows", "{EC5BD12D-C13F-467A-81CC-31FD7EA2608D}"
	ProjectSection(SolutionItems) = preProject
		..\.github\workflows\windows-x64.yml = ..\.github\workflows\windows-x64.yml
		..\.github\workflows\windows-x86.yml = ..\.github\workflows\windows-x86.yml
	EndProjectSection
EndProject
Global
	GlobalSection(SolutionConfigurationPlatforms) = preSolution
		Debug|x64 = Debug|x64
		Debug|x86 = Debug|x86
		Release|x64 = Release|x64
		Release|x86 = Release|x86
	EndGlobalSection
	GlobalSection(ProjectConfigurationPlatforms) = postSolution
		{8DB1F34B-88B3-4736-A391-2E226843DE13}.Debug|x64.ActiveCfg = Debug|x64
		{8DB1F34B-88B3-4736-A391-2E226843DE13}.Debug|x64.Build.0 = Debug|x64
		{8DB1F34B-88B3-4736-A391-2E226843DE13}.Debug|x86.ActiveCfg = Debug|Win32
		{8DB1F34B-88B3-4736-A391-2E226843DE13}.Debug|x86.Build.0 = Debug|Win32
		{8DB1F34B-88B3-4736-A391-2E226843DE13}.Release|x64.ActiveCfg = Release|x64
		{8DB1F34B-88B3-4736-A391-2E226843DE13}.Release|x64.Build.0 = Release|x64
		{8DB1F34B-88B3-4736-A391-2E226843DE13}.Release|x86.ActiveCfg = Release|Win32
		{8DB1F34B-88B3-4736-A391-2E226843DE13}.Release|x86.Build.0 = Release|Win32
		{D1215A4B-40FA-4F1D-96A2-BC5BDC690AC1}.Debug|x64.ActiveCfg = Debug|x64
		{D1215A4B-40FA-4F1D-96A2-BC5BDC690AC1}.Debug|x64.Build.0 = Debug|x64
		{D1215A4B-40FA-4F1D-96A2-BC5BDC690AC1}.Debug|x86.ActiveCfg = Debug|Win32
		{D1215A4B-40FA-4F1D-96A2-BC5BDC690AC1}.Debug|x86.Build.0 = Debug|Win32
		{D1215A4B-40FA-4F1D-96A2-BC5BDC690AC1}.Release|x64.ActiveCfg = Release|x64
		{D1215A4B-40FA-4F1D-96A2-BC5BDC690AC1}.Release|x64.Build.0 = Release|x64
		{D1215A4B-40FA-4F1D-96A2-BC5BDC690AC1}.Release|x86.ActiveCfg = Release|Win32
		{D1215A4B-40FA-4F1D-96A2-BC5BDC690AC1}.Release|x86.Build.0 = Release|Win32
		{C732DF2F-9582-4DB5-9CAD-5A4F55C02DB1}.Debug|x64.ActiveCfg = Debug|x64
		{C732DF2F-9582-4DB5-9CAD-5A4F55C02DB1}.Debug|x64.Build.0 = Debug|x64
		{C732DF2F-9582-4DB5-9CAD-5A4F55C02DB1}.Debug|x86.ActiveCfg = Debug|Win32
		{C732DF2F-9582-4DB5-9CAD-5A4F55C02DB1}.Debug|x86.Build.0 = Debug|Win32
		{C732DF2F-9582-4DB5-9CAD-5A4F55C02DB1}.Release|x64.ActiveCfg = Release|x64
		{C732DF2F-9582-4DB5-9CAD-5A4F55C02DB1}.Release|x64.Build.0 = Release|x64
		{C732DF2F-9582-4DB5-9CAD-5A4F55C02DB1}.Release|x86.ActiveCfg = Release|Win32
		{C732DF2F-9582-4DB5-9CAD-5A4F55C02DB1}.Release|x86.Build.0 = Release|Win32
		{83F870F1-D088-4756-84F6-E290F7FAB4D5}.Debug|x64.ActiveCfg = Debug|x64
		{83F870F1-D088-4756-84F6-E290F7FAB4D5}.Debug|x64.Build.0 = Debug|x64
		{83F870F1-D088-4756-84F6-E290F7FAB4D5}.Debug|x86.ActiveCfg = Debug|Win32
		{83F870F1-D088-4756-84F6-E290F7FAB4D5}.Debug|x86.Build.0 = Debug|Win32
		{83F870F1-D088-4756-84F6-E290F7FAB4D5}.Release|x64.ActiveCfg = Release|x64
		{83F870F1-D088-4756-84F6-E290F7FAB4D5}.Release|x64.Build.0 = Release|x64
		{83F870F1-D088-4756-84F6-E290F7FAB4D5}.Release|x86.ActiveCfg = Release|Win32
		{83F870F1-D088-4756-84F6-E290F7FAB4D5}.Release|x86.Build.0 = Release|Win32
		{574DC77A-DCF8-47E0-8E22-4162160E4713}.Debug|x64.ActiveCfg = Debug|x64
		{574DC77A-DCF8-47E0-8E22-4162160E4713}.Debug|x64.Build.0 = Debug|x64
		{574DC77A-DCF8-47E0-8E22-4162160E4713}.Debug|x86.ActiveCfg = Debug|Win32
		{574DC77A-DCF8-47E0-8E22-4162160E4713}.Debug|x86.Build.0 = Debug|Win32
		{574DC77A-DCF8-47E0-8E22-4162160E4713}.Release|x64.ActiveCfg = Release|x64
		{574DC77A-DCF8-47E0-8E22-4162160E4713}.Release|x64.Build.0 = Release|x64
		{574DC77A-DCF8-47E0-8E22-4162160E4713}.Release|x86.ActiveCfg = Release|Win32
		{574DC77A-DCF8-47E0-8E22-4162160E4713}.Release|x86.Build.0 = Release|Win32
		{A147BF09-6361-4916-A413-79132059DD59}.Debug|x64.ActiveCfg = Debug|x64
		{A147BF09-6361-4916-A413-79132059DD59}.Debug|x64.Build.0 = Debug|x64
		{A147BF09-6361-4916-A413-79132059DD59}.Debug|x86.ActiveCfg = Debug|Win32
		{A147BF09-6361-4916-A413-79132059DD59}.Debug|x86.Build.0 = Debug|Win32
		{A147BF09-6361-4916-A413-79132059DD59}.Release|x64.ActiveCfg = Release|x64
		{A147BF09-6361-4916-A413-79132059DD59}.Release|x64.Build.0 = Release|x64
		{A147BF09-6361-4916-A413-79132059DD59}.Release|x86.ActiveCfg = Release|Win32
		{A147BF09-6361-4916-A413-79132059DD59}.Release|x86.Build.0 = Release|Win32
		{D0373919-C599-482C-BB59-1B3397C022A5}.Debug|x64.ActiveCfg = Debug|x64
		{D0373919-C599-482C-BB59-1B3397C022A5}.Debug|x64.Build.0 = Debug|x64
		{D0373919-C599-482C-BB59-1B3397C022A5}.Debug|x86.ActiveCfg = Debug|Win32
		{D0373919-C599-482C-BB59-1B3397C022A5}.Debug|x86.Build.0 = Debug|Win32
		{D0373919-C599-482C-BB59-1B3397C022A5}.Release|x64.ActiveCfg = Release|x64
		{D0373919-C599-482C-BB59-1B3397C022A5}.Release|x64.Build.0 = Release|x64
		{D0373919-C599-482C-BB59-1B3397C022A5}.Release|x86.ActiveCfg = Release|Win32
		{D0373919-C599-482C-BB59-1B3397C022A5}.Release|x86.Build.0 = Release|Win32
		{74ECC90E-C8EA-93FA-BFF4-6E07A4424ECE}.Debug|x64.ActiveCfg = Debug|x64
		{74ECC90E-C8EA-93FA-BFF4-6E07A4424ECE}.Debug|x64.Build.0 = Debug|x64
		{74ECC90E-C8EA-93FA-BFF4-6E07A4424ECE}.Debug|x86.ActiveCfg = Debug|Win32
		{74ECC90E-C8EA-93FA-BFF4-6E07A4424ECE}.Debug|x86.Build.0 = Debug|Win32
		{74ECC90E-C8EA-93FA-BFF4-6E07A4424ECE}.Release|x64.ActiveCfg = Release|x64
		{74ECC90E-C8EA-93FA-BFF4-6E07A4424ECE}.Release|x64.Build.0 = Release|x64
		{74ECC90E-C8EA-93FA-BFF4-6E07A4424ECE}.Release|x86.ActiveCfg = Release|Win32
		{74ECC90E-C8EA-93FA-BFF4-6E07A4424ECE}.Release|x86.Build.0 = Release|Win32
		{DC565E8E-8E52-4C69-A6BC-A5F64606E41C}.Debug|x64.ActiveCfg = Debug|x64
		{DC565E8E-8E52-4C69-A6BC-A5F64606E41C}.Debug|x64.Build.0 = Debug|x64
		{DC565E8E-8E52-4C69-A6BC-A5F64606E41C}.Debug|x86.ActiveCfg = Debug|Win32
		{DC565E8E-8E52-4C69-A6BC-A5F64606E41C}.Debug|x86.Build.0 = Debug|Win32
		{DC565E8E-8E52-4C69-A6BC-A5F64606E41C}.Release|x64.ActiveCfg = Release|x64
		{DC565E8E-8E52-4C69-A6BC-A5F64606E41C}.Release|x64.Build.0 = Release|x64
		{DC565E8E-8E52-4C69-A6BC-A5F64606E41C}.Release|x86.ActiveCfg = Release|Win32
		{DC565E8E-8E52-4C69-A6BC-A5F64606E41C}.Release|x86.Build.0 = Release|Win32
	EndGlobalSection
	GlobalSection(SolutionProperties) = preSolution
		HideSolutionNode = FALSE
	EndGlobalSection
	GlobalSection(NestedProjects) = preSolution
		{EC5BD12D-C13F-467A-81CC-31FD7EA2608D} = {02EA681E-C7D8-13C7-8484-4AC65E1B71E8}
	EndGlobalSection
	GlobalSection(ExtensibilityGlobals) = postSolution
		SolutionGuid = {7AF380FC-EBA3-4AC6-8A7E-C49C5288F8C6}
	EndGlobalSection
	GlobalSection(SharedMSBuildProjectFiles) = preSolution
		Native.Threading\Native.Threading.vcxitems*{0eacdc02-c95e-4a18-91de-0c0145c99a32}*SharedItemsImports = 9
		Native.Net\Native.Net.vcxitems*{465200c6-64ca-40fb-ab6e-7ad1d9460cb2}*SharedItemsImports = 9
		Native\Native.vcxitems*{4811ae42-c881-4e13-89f2-4b6a1d4d6107}*SharedItemsImports = 9
		Native.Web\Native.Web.vcxitems*{55779b55-693f-4a6c-a507-98bb6353f4be}*SharedItemsImports = 9
		Native.Threading\Native.Threading.vcxitems*{574dc77a-dcf8-47e0-8e22-4162160e4713}*SharedItemsImports = 4
		Native.Windows\Native.Windows.vcxitems*{574dc77a-dcf8-47e0-8e22-4162160e4713}*SharedItemsImports = 4
		Native\Native.vcxitems*{574dc77a-dcf8-47e0-8e22-4162160e4713}*SharedItemsImports = 4
		Native.ServiceModel\Native.ServiceModel.vcxitems*{5de1910b-8b93-4608-a7db-734fccc63037}*SharedItemsImports = 9
		Native.IO.Pipes\Native.IO.Pipes.vcxitems*{663bfc99-7f43-4f7f-a130-a590ab81ad5b}*SharedItemsImports = 9
		Native.Web\Native.Web.vcxitems*{74ecc90e-c8ea-93fa-bff4-6e07a4424ece}*SharedItemsImports = 4
		Native.IO\Native.IO.vcxitems*{7f4d02a4-5a91-49f9-857a-eb3884acd146}*SharedItemsImports = 9
		Native.Threading\Native.Threading.vcxitems*{8db1f34b-88b3-4736-a391-2e226843de13}*SharedItemsImports = 4
		Native.Windows\Native.Windows.vcxitems*{8db1f34b-88b3-4736-a391-2e226843de13}*SharedItemsImports = 4
		Native\Native.vcxitems*{8db1f34b-88b3-4736-a391-2e226843de13}*SharedItemsImports = 4
		Native.Diagnostics\Native.Diagnostics.vcxitems*{a147bf09-6361-4916-a413-79132059dd59}*SharedItemsImports = 4
		Native.Diagnostics\Native.Diagnostics.vcxitems*{ac176215-3986-4698-bb71-ef66f5d98c2e}*SharedItemsImports = 9
		Native.Windows\Native.Windows.vcxitems*{c732df2f-9582-4db5-9cad-5a4f55c02db1}*SharedItemsImports = 4
		Native\Native.vcxitems*{c732df2f-9582-4db5-9cad-5a4f55c02db1}*SharedItemsImports = 4
		Native.Windows\Native.Windows.vcxitems*{cbb110f4-f2cb-43aa-a711-30e9a6dcc111}*SharedItemsImports = 9
		Native.IO\Native.IO.vcxitems*{d0373919-c599-482c-bb59-1b3397c022a5}*SharedItemsImports = 4
		Native.Threading\Native.Threading.vcxitems*{d0373919-c599-482c-bb59-1b3397c022a5}*SharedItemsImports = 4
		Native.Windows\Native.Windows.vcxitems*{d0373919-c599-482c-bb59-1b3397c022a5}*SharedItemsImports = 4
		Native\Native.vcxitems*{d0373919-c599-482c-bb59-1b3397c022a5}*SharedItemsImports = 4
		Native.Net\Native.Net.vcxitems*{d1215a4b-40fa-4f1d-96a2-bc5bdc690ac1}*SharedItemsImports = 4
		Native.Windows\Native.Windows.vcxitems*{d1215a4b-40fa-4f1d-96a2-bc5bdc690ac1}*SharedItemsImports = 4
		Native\Native.vcxitems*{d1215a4b-40fa-4f1d-96a2-bc5bdc690ac1}*SharedItemsImports = 4
		Native.Threading\Native.Threading.vcxitems*{dc565e8e-8e52-4c69-a6bc-a5f64606e41c}*SharedItemsImports = 4
		Native.Web\Native.Web.vcxitems*{dc565e8e-8e52-4c69-a6bc-a5f64606e41c}*SharedItemsImports = 4
		Native.Windows\Native.Windows.vcxitems*{dc565e8e-8e52-4c69-a6bc-a5f64606e41c}*SharedItemsImports = 4
		Native\Native.vcxitems*{dc565e8e-8e52-4c69-a6bc-a5f64606e41c}*SharedItemsImports = 4
	EndGlobalSection
EndGlobal
