<?xml version="1.0" encoding="utf-8"?>
<Project ToolsVersion="4.0" xmlns="http://schemas.microsoft.com/developer/msbuild/2003">
  <ItemGroup>
    <ClCompile Include="HResultExceptionTests.cpp">
      <Filter>Tests</Filter>
    </ClCompile>
    <ClCompile Include="Win32ExceptionTests.cpp">
      <Filter>Tests</Filter>
    </ClCompile>
  </ItemGroup>
  <ItemGroup>
    <Filter Include="Tests">
      <UniqueIdentifier>{707ca74b-bea3-43ca-9a65-41bdf2f57c15}</UniqueIdentifier>
    </Filter>
  </ItemGroup>
</Project>